
Microsoft Visual Studio Solution File, Format Version 12.00
# Visual Studio Version 17
VisualStudioVersion = 17.7.34202.233
MinimumVisualStudioVersion = 10.0.40219.1
Project("{FAE04EC0-301F-11D3-BF4B-00C04F79EFBC}") = "WebAPI", "WebAPI\WebAPI.csproj", "{8E91975F-9E1E-48D7-AAC1-1349C011821A}"
EndProject
Project("{FAE04EC0-301F-11D3-BF4B-00C04F79EFBC}") = "Stratu_Mihaela_Lab11", "Stratu_Mihaela_Lab11\Stratu_Mihaela_Lab11.csproj", "{33B6A0B3-8DB3-4CF0-9835-E2B0E6D7CC70}"
EndProject
Global
	GlobalSection(SolutionConfigurationPlatforms) = preSolution
		Debug|Any CPU = Debug|Any CPU
		Release|Any CPU = Release|Any CPU
	EndGlobalSection
	GlobalSection(ProjectConfigurationPlatforms) = postSolution
		{8E91975F-9E1E-48D7-AAC1-1349C011821A}.Debug|Any CPU.ActiveCfg = Debug|Any CPU
		{8E91975F-9E1E-48D7-AAC1-1349C011821A}.Debug|Any CPU.Build.0 = Debug|Any CPU
		{8E91975F-9E1E-48D7-AAC1-1349C011821A}.Release|Any CPU.ActiveCfg = Release|Any CPU
		{8E91975F-9E1E-48D7-AAC1-1349C011821A}.Release|Any CPU.Build.0 = Release|Any CPU
		{33B6A0B3-8DB3-4CF0-9835-E2B0E6D7CC70}.Debug|Any CPU.ActiveCfg = Debug|Any CPU
		{33B6A0B3-8DB3-4CF0-9835-E2B0E6D7CC70}.Debug|Any CPU.Build.0 = Debug|Any CPU
		{33B6A0B3-8DB3-4CF0-9835-E2B0E6D7CC70}.Debug|Any CPU.Deploy.0 = Debug|Any CPU
		{33B6A0B3-8DB3-4CF0-9835-E2B0E6D7CC70}.Release|Any CPU.ActiveCfg = Release|Any CPU
		{33B6A0B3-8DB3-4CF0-9835-E2B0E6D7CC70}.Release|Any CPU.Build.0 = Release|Any CPU
		{33B6A0B3-8DB3-4CF0-9835-E2B0E6D7CC70}.Release|Any CPU.Deploy.0 = Release|Any CPU
	EndGlobalSection
	GlobalSection(SolutionProperties) = preSolution
		HideSolutionNode = FALSE
	EndGlobalSection
	GlobalSection(ExtensibilityGlobals) = postSolution
		SolutionGuid = {70039143-C151-4D47-8F38-34EA963B6B1C}
	EndGlobalSection
EndGlobal
